
Microsoft Visual Studio Solution File, Format Version 12.00
# Visual Studio 15
VisualStudioVersion = 15.0.26730.10
MinimumVisualStudioVersion = 10.0.40219.1
Project("{9A19103F-16F7-4668-BE54-9A1E7A4F7556}") = "GeekBudget", "GeekBudget\GeekBudget.csproj", "{D0448296-CA47-44EB-B2FA-40EE4877DF85}"
EndProject
Project("{9A19103F-16F7-4668-BE54-9A1E7A4F7556}") = "GeekBudget.Test", "GeekBudget.Test\GeekBudget.Test.csproj", "{872F06EA-729A-4A9B-A19F-58BEA4E513DF}"
EndProject
Project("{2150E333-8FDC-42A3-9474-1A3956D46DE8}") = "Solution Items", "Solution Items", "{45F1A7AC-12DE-4B9F-935B-84D4E381263A}"
	ProjectSection(SolutionItems) = preProject
		.travis.yml = .travis.yml
		Build.sh = Build.sh
	EndProjectSection
EndProject
Global
	GlobalSection(SolutionConfigurationPlatforms) = preSolution
		Debug|Any CPU = Debug|Any CPU
		Release|Any CPU = Release|Any CPU
	EndGlobalSection
	GlobalSection(ProjectConfigurationPlatforms) = postSolution
		{D0448296-CA47-44EB-B2FA-40EE4877DF85}.Debug|Any CPU.ActiveCfg = Debug|Any CPU
		{D0448296-CA47-44EB-B2FA-40EE4877DF85}.Debug|Any CPU.Build.0 = Debug|Any CPU
		{D0448296-CA47-44EB-B2FA-40EE4877DF85}.Release|Any CPU.ActiveCfg = Release|Any CPU
		{D0448296-CA47-44EB-B2FA-40EE4877DF85}.Release|Any CPU.Build.0 = Release|Any CPU
		{872F06EA-729A-4A9B-A19F-58BEA4E513DF}.Debug|Any CPU.ActiveCfg = Debug|Any CPU
		{872F06EA-729A-4A9B-A19F-58BEA4E513DF}.Debug|Any CPU.Build.0 = Debug|Any CPU
		{872F06EA-729A-4A9B-A19F-58BEA4E513DF}.Release|Any CPU.ActiveCfg = Release|Any CPU
		{872F06EA-729A-4A9B-A19F-58BEA4E513DF}.Release|Any CPU.Build.0 = Release|Any CPU
	EndGlobalSection
	GlobalSection(SolutionProperties) = preSolution
		HideSolutionNode = FALSE
	EndGlobalSection
	GlobalSection(ExtensibilityGlobals) = postSolution
		SolutionGuid = {9375B68D-8F0A-4F6E-ADFC-F8E7245D5778}
	EndGlobalSection
EndGlobal
